
Microsoft Visual Studio Solution File, Format Version 12.00
Project("{FAE04EC0-301F-11D3-BF4B-00C04F79EFBC}") = "Intest", "Intest\Intest.csproj", "{0C6938C0-EC85-4B13-A8E4-E591ED5813EA}"
EndProject
Project("{FAE04EC0-301F-11D3-BF4B-00C04F79EFBC}") = "Helpers", "Helpers\Helpers.csproj", "{2DFD4CF0-EE9F-4993-8C9F-115B563E16B1}"
EndProject
Project("{FAE04EC0-301F-11D3-BF4B-00C04F79EFBC}") = "InOutTest", "InOutTest\InOutTest.csproj", "{010B9973-85DD-4180-82F1-324F066417F5}"
EndProject
Project("{FAE04EC0-301F-11D3-BF4B-00C04F79EFBC}") = "FriendCircle", "FriendCircle\FriendCircle.csproj", "{DD694998-385A-4164-B0F5-D5F4EC2142EF}"
EndProject
Project("{FAE04EC0-301F-11D3-BF4B-00C04F79EFBC}") = "SQLike", "SQLike\SQLike.csproj", "{0D53EA07-060E-48E2-9BFE-F197AF249F08}"
EndProject
Project("{FAE04EC0-301F-11D3-BF4B-00C04F79EFBC}") = "Egzamin", "Egzamin\Egzamin.csproj", "{D9C472B8-A6D5-4347-BF55-3BA01E0EE43E}"
EndProject
Project("{FAE04EC0-301F-11D3-BF4B-00C04F79EFBC}") = "Egzamin2", "Egzamin2\Egzamin2.csproj", "{9159EE6D-C974-4580-B7D2-9248984ED2A5}"
EndProject
Global
	GlobalSection(SolutionConfigurationPlatforms) = preSolution
		Debug|Any CPU = Debug|Any CPU
		Release|Any CPU = Release|Any CPU
	EndGlobalSection
	GlobalSection(ProjectConfigurationPlatforms) = postSolution
		{0C6938C0-EC85-4B13-A8E4-E591ED5813EA}.Debug|Any CPU.ActiveCfg = Debug|Any CPU
		{0C6938C0-EC85-4B13-A8E4-E591ED5813EA}.Debug|Any CPU.Build.0 = Debug|Any CPU
		{0C6938C0-EC85-4B13-A8E4-E591ED5813EA}.Release|Any CPU.ActiveCfg = Release|Any CPU
		{0C6938C0-EC85-4B13-A8E4-E591ED5813EA}.Release|Any CPU.Build.0 = Release|Any CPU
		{2DFD4CF0-EE9F-4993-8C9F-115B563E16B1}.Debug|Any CPU.ActiveCfg = Debug|Any CPU
		{2DFD4CF0-EE9F-4993-8C9F-115B563E16B1}.Debug|Any CPU.Build.0 = Debug|Any CPU
		{2DFD4CF0-EE9F-4993-8C9F-115B563E16B1}.Release|Any CPU.ActiveCfg = Release|Any CPU
		{2DFD4CF0-EE9F-4993-8C9F-115B563E16B1}.Release|Any CPU.Build.0 = Release|Any CPU
		{010B9973-85DD-4180-82F1-324F066417F5}.Debug|Any CPU.ActiveCfg = Debug|Any CPU
		{010B9973-85DD-4180-82F1-324F066417F5}.Debug|Any CPU.Build.0 = Debug|Any CPU
		{010B9973-85DD-4180-82F1-324F066417F5}.Release|Any CPU.ActiveCfg = Release|Any CPU
		{010B9973-85DD-4180-82F1-324F066417F5}.Release|Any CPU.Build.0 = Release|Any CPU
		{DD694998-385A-4164-B0F5-D5F4EC2142EF}.Debug|Any CPU.ActiveCfg = Debug|Any CPU
		{DD694998-385A-4164-B0F5-D5F4EC2142EF}.Debug|Any CPU.Build.0 = Debug|Any CPU
		{DD694998-385A-4164-B0F5-D5F4EC2142EF}.Release|Any CPU.ActiveCfg = Release|Any CPU
		{DD694998-385A-4164-B0F5-D5F4EC2142EF}.Release|Any CPU.Build.0 = Release|Any CPU
		{0D53EA07-060E-48E2-9BFE-F197AF249F08}.Debug|Any CPU.ActiveCfg = Debug|Any CPU
		{0D53EA07-060E-48E2-9BFE-F197AF249F08}.Debug|Any CPU.Build.0 = Debug|Any CPU
		{0D53EA07-060E-48E2-9BFE-F197AF249F08}.Release|Any CPU.ActiveCfg = Release|Any CPU
		{0D53EA07-060E-48E2-9BFE-F197AF249F08}.Release|Any CPU.Build.0 = Release|Any CPU
		{D9C472B8-A6D5-4347-BF55-3BA01E0EE43E}.Debug|Any CPU.ActiveCfg = Debug|Any CPU
		{D9C472B8-A6D5-4347-BF55-3BA01E0EE43E}.Debug|Any CPU.Build.0 = Debug|Any CPU
		{D9C472B8-A6D5-4347-BF55-3BA01E0EE43E}.Release|Any CPU.ActiveCfg = Release|Any CPU
		{D9C472B8-A6D5-4347-BF55-3BA01E0EE43E}.Release|Any CPU.Build.0 = Release|Any CPU
		{9159EE6D-C974-4580-B7D2-9248984ED2A5}.Debug|Any CPU.ActiveCfg = Debug|Any CPU
		{9159EE6D-C974-4580-B7D2-9248984ED2A5}.Debug|Any CPU.Build.0 = Debug|Any CPU
		{9159EE6D-C974-4580-B7D2-9248984ED2A5}.Release|Any CPU.ActiveCfg = Release|Any CPU
		{9159EE6D-C974-4580-B7D2-9248984ED2A5}.Release|Any CPU.Build.0 = Release|Any CPU
	EndGlobalSection
EndGlobal
